
Microsoft Visual Studio Solution File, Format Version 12.00
# Visual Studio Version 17
VisualStudioVersion = 17.8.34330.188
MinimumVisualStudioVersion = 10.0.40219.1
Project("{8BC9CEB8-8B4A-11D0-8D11-00A0C91BC942}") = "PaperMarbling", "PaperMarbling.vcxproj", "{563A2BF7-BC73-4B91-8DA1-EB1A527607EE}"
EndProject
Global
	GlobalSection(SolutionConfigurationPlatforms) = preSolution
		Debug|x64 = Debug|x64
		Debug|x86 = Debug|x86
		Release|x64 = Release|x64
		Release|x86 = Release|x86
	EndGlobalSection
	GlobalSection(ProjectConfigurationPlatforms) = postSolution
		{563A2BF7-BC73-4B91-8DA1-EB1A527607EE}.Debug|x64.ActiveCfg = Debug|x64
		{563A2BF7-BC73-4B91-8DA1-EB1A527607EE}.Debug|x64.Build.0 = Debug|x64
		{563A2BF7-BC73-4B91-8DA1-EB1A527607EE}.Debug|x86.ActiveCfg = Debug|Win32
		{563A2BF7-BC73-4B91-8DA1-EB1A527607EE}.Debug|x86.Build.0 = Debug|Win32
		{563A2BF7-BC73-4B91-8DA1-EB1A527607EE}.Release|x64.ActiveCfg = Release|x64
		{563A2BF7-BC73-4B91-8DA1-EB1A527607EE}.Release|x64.Build.0 = Release|x64
		{563A2BF7-BC73-4B91-8DA1-EB1A527607EE}.Release|x86.ActiveCfg = Release|Win32
		{563A2BF7-BC73-4B91-8DA1-EB1A527607EE}.Release|x86.Build.0 = Release|Win32
	EndGlobalSection
	GlobalSection(SolutionProperties) = preSolution
		HideSolutionNode = FALSE
	EndGlobalSection
	GlobalSection(ExtensibilityGlobals) = postSolution
		SolutionGuid = {1D2CBA90-6C1D-422A-8586-FA3E195D2945}
	EndGlobalSection
EndGlobal
